// !$*UTF8*$!
{
	archiveVersion = 1;
	classes = {
	};
	objectVersion = 55;
	objects = {

/* Begin PBXBuildFile section */
		09330233277A4393001E42D3 /* AppDelegate.swift in Sources */ = {isa = PBXBuildFile; fileRef = 09330232277A4393001E42D3 /* AppDelegate.swift */; };
		09330235277A4393001E42D3 /* SceneDelegate.swift in Sources */ = {isa = PBXBuildFile; fileRef = 09330234277A4393001E42D3 /* SceneDelegate.swift */; };
		0933023A277A4393001E42D3 /* Main.storyboard in Resources */ = {isa = PBXBuildFile; fileRef = 09330238277A4393001E42D3 /* Main.storyboard */; };
		0933023C277A4393001E42D3 /* Assets.xcassets in Resources */ = {isa = PBXBuildFile; fileRef = 0933023B277A4393001E42D3 /* Assets.xcassets */; };
		0933023F277A4393001E42D3 /* LaunchScreen.storyboard in Resources */ = {isa = PBXBuildFile; fileRef = 0933023D277A4393001E42D3 /* LaunchScreen.storyboard */; };
		09330249277A43D6001E42D3 /* Beer.swift in Sources */ = {isa = PBXBuildFile; fileRef = 09330248277A43D6001E42D3 /* Beer.swift */; };
		0933024B277A443A001E42D3 /* BeerType.swift in Sources */ = {isa = PBXBuildFile; fileRef = 0933024A277A443A001E42D3 /* BeerType.swift */; };
		0933024D277A44EE001E42D3 /* Manufacturer.swift in Sources */ = {isa = PBXBuildFile; fileRef = 0933024C277A44EE001E42D3 /* Manufacturer.swift */; };
		0933024F277A4520001E42D3 /* Origin.swift in Sources */ = {isa = PBXBuildFile; fileRef = 0933024E277A4520001E42D3 /* Origin.swift */; };
		09330251277A469D001E42D3 /* Model.swift in Sources */ = {isa = PBXBuildFile; fileRef = 09330250277A469D001E42D3 /* Model.swift */; };
		09330255277A471B001E42D3 /* Constants.swift in Sources */ = {isa = PBXBuildFile; fileRef = 09330254277A471B001E42D3 /* Constants.swift */; };
		09330259277A4B83001E42D3 /* ManufacturersViewController.swift in Sources */ = {isa = PBXBuildFile; fileRef = 09330258277A4B83001E42D3 /* ManufacturersViewController.swift */; };
		0933025D277A4BC9001E42D3 /* ManufacturerTableViewCell.swift in Sources */ = {isa = PBXBuildFile; fileRef = 0933025C277A4BC9001E42D3 /* ManufacturerTableViewCell.swift */; };
		0933025F277A4BDC001E42D3 /* BeerTableViewCell.swift in Sources */ = {isa = PBXBuildFile; fileRef = 0933025E277A4BDC001E42D3 /* BeerTableViewCell.swift */; };
		09330261277A4C0D001E42D3 /* ManufacturerDetailViewController.swift in Sources */ = {isa = PBXBuildFile; fileRef = 09330260277A4C0D001E42D3 /* ManufacturerDetailViewController.swift */; };
		09330265277A557D001E42D3 /* AddManufacturerTableViewController.swift in Sources */ = {isa = PBXBuildFile; fileRef = 09330264277A557D001E42D3 /* AddManufacturerTableViewController.swift */; };
		09330267277A55A7001E42D3 /* EditBeerTableViewController.swift in Sources */ = {isa = PBXBuildFile; fileRef = 09330266277A55A7001E42D3 /* EditBeerTableViewController.swift */; };
		099E52E527931BF6004DB4C8 /* Kanit-Light.ttf in Resources */ = {isa = PBXBuildFile; fileRef = 099E52D227931BF6004DB4C8 /* Kanit-Light.ttf */; };
		099E52E827931BF6004DB4C8 /* Kanit-Medium.ttf in Resources */ = {isa = PBXBuildFile; fileRef = 099E52D527931BF6004DB4C8 /* Kanit-Medium.ttf */; };
		09AF8289277B7774006EE9F9 /* appdata.txt in Resources */ = {isa = PBXBuildFile; fileRef = 09AF8288277B7774006EE9F9 /* appdata.txt */; };
		09E86FC0277CEC6100DD1FCD /* OrderType.swift in Sources */ = {isa = PBXBuildFile; fileRef = 09E86FBF277CEC6100DD1FCD /* OrderType.swift */; };
/* End PBXBuildFile section */

/* Begin PBXFileReference section */
		0933022F277A4393001E42D3 /* iBeer.app */ = {isa = PBXFileReference; explicitFileType = wrapper.application; includeInIndex = 0; path = iBeer.app; sourceTree = BUILT_PRODUCTS_DIR; };
		09330232277A4393001E42D3 /* AppDelegate.swift */ = {isa = PBXFileReference; lastKnownFileType = sourcecode.swift; path = AppDelegate.swift; sourceTree = "<group>"; };
		09330234277A4393001E42D3 /* SceneDelegate.swift */ = {isa = PBXFileReference; lastKnownFileType = sourcecode.swift; path = SceneDelegate.swift; sourceTree = "<group>"; };
		09330239277A4393001E42D3 /* Base */ = {isa = PBXFileReference; lastKnownFileType = file.storyboard; name = Base; path = Base.lproj/Main.storyboard; sourceTree = "<group>"; };
		0933023B277A4393001E42D3 /* Assets.xcassets */ = {isa = PBXFileReference; lastKnownFileType = folder.assetcatalog; path = Assets.xcassets; sourceTree = "<group>"; };
		0933023E277A4393001E42D3 /* Base */ = {isa = PBXFileReference; lastKnownFileType = file.storyboard; name = Base; path = Base.lproj/LaunchScreen.storyboard; sourceTree = "<group>"; };
		09330240277A4393001E42D3 /* Info.plist */ = {isa = PBXFileReference; lastKnownFileType = text.plist.xml; path = Info.plist; sourceTree = "<group>"; };
		09330248277A43D6001E42D3 /* Beer.swift */ = {isa = PBXFileReference; lastKnownFileType = sourcecode.swift; path = Beer.swift; sourceTree = "<group>"; };
		0933024A277A443A001E42D3 /* BeerType.swift */ = {isa = PBXFileReference; lastKnownFileType = sourcecode.swift; path = BeerType.swift; sourceTree = "<group>"; };
		0933024C277A44EE001E42D3 /* Manufacturer.swift */ = {isa = PBXFileReference; lastKnownFileType = sourcecode.swift; path = Manufacturer.swift; sourceTree = "<group>"; };
		0933024E277A4520001E42D3 /* Origin.swift */ = {isa = PBXFileReference; lastKnownFileType = sourcecode.swift; path = Origin.swift; sourceTree = "<group>"; };
		09330250277A469D001E42D3 /* Model.swift */ = {isa = PBXFileReference; lastKnownFileType = sourcecode.swift; path = Model.swift; sourceTree = "<group>"; };
		09330254277A471B001E42D3 /* Constants.swift */ = {isa = PBXFileReference; lastKnownFileType = sourcecode.swift; path = Constants.swift; sourceTree = "<group>"; };
		09330258277A4B83001E42D3 /* ManufacturersViewController.swift */ = {isa = PBXFileReference; lastKnownFileType = sourcecode.swift; path = ManufacturersViewController.swift; sourceTree = "<group>"; };
		0933025C277A4BC9001E42D3 /* ManufacturerTableViewCell.swift */ = {isa = PBXFileReference; lastKnownFileType = sourcecode.swift; path = ManufacturerTableViewCell.swift; sourceTree = "<group>"; };
		0933025E277A4BDC001E42D3 /* BeerTableViewCell.swift */ = {isa = PBXFileReference; lastKnownFileType = sourcecode.swift; path = BeerTableViewCell.swift; sourceTree = "<group>"; };
		09330260277A4C0D001E42D3 /* ManufacturerDetailViewController.swift */ = {isa = PBXFileReference; lastKnownFileType = sourcecode.swift; path = ManufacturerDetailViewController.swift; sourceTree = "<group>"; };
		09330264277A557D001E42D3 /* AddManufacturerTableViewController.swift */ = {isa = PBXFileReference; lastKnownFileType = sourcecode.swift; path = AddManufacturerTableViewController.swift; sourceTree = "<group>"; };
		09330266277A55A7001E42D3 /* EditBeerTableViewController.swift */ = {isa = PBXFileReference; lastKnownFileType = sourcecode.swift; path = EditBeerTableViewController.swift; sourceTree = "<group>"; };
		099E52D227931BF6004DB4C8 /* Kanit-Light.ttf */ = {isa = PBXFileReference; lastKnownFileType = file; path = "Kanit-Light.ttf"; sourceTree = "<group>"; };
		099E52D527931BF6004DB4C8 /* Kanit-Medium.ttf */ = {isa = PBXFileReference; lastKnownFileType = file; path = "Kanit-Medium.ttf"; sourceTree = "<group>"; };
		09AF8288277B7774006EE9F9 /* appdata.txt */ = {isa = PBXFileReference; fileEncoding = 4; lastKnownFileType = text; path = appdata.txt; sourceTree = "<group>"; };
		09E86FBF277CEC6100DD1FCD /* OrderType.swift */ = {isa = PBXFileReference; lastKnownFileType = sourcecode.swift; path = OrderType.swift; sourceTree = "<group>"; };
/* End PBXFileReference section */

/* Begin PBXFrameworksBuildPhase section */
		0933022C277A4393001E42D3 /* Frameworks */ = {
			isa = PBXFrameworksBuildPhase;
			buildActionMask = 2147483647;
			files = (
			);
			runOnlyForDeploymentPostprocessing = 0;
		};
/* End PBXFrameworksBuildPhase section */

/* Begin PBXGroup section */
		09330226277A4393001E42D3 = {
			isa = PBXGroup;
			children = (
				09330231277A4393001E42D3 /* iBeer */,
				09330230277A4393001E42D3 /* Products */,
			);
			sourceTree = "<group>";
		};
		09330230277A4393001E42D3 /* Products */ = {
			isa = PBXGroup;
			children = (
				0933022F277A4393001E42D3 /* iBeer.app */,
			);
			name = Products;
			sourceTree = "<group>";
		};
		09330231277A4393001E42D3 /* iBeer */ = {
			isa = PBXGroup;
			children = (
				09AF8288277B7774006EE9F9 /* appdata.txt */,
				09330232277A4393001E42D3 /* AppDelegate.swift */,
				09330234277A4393001E42D3 /* SceneDelegate.swift */,
				099E52C227931BF6004DB4C8 /* Fonts */,
				09330254277A471B001E42D3 /* Constants.swift */,
				09330247277A43AB001E42D3 /* View Controllers */,
				09330246277A43A8001E42D3 /* Model */,
				09330238277A4393001E42D3 /* Main.storyboard */,
				0933023B277A4393001E42D3 /* Assets.xcassets */,
				0933023D277A4393001E42D3 /* LaunchScreen.storyboard */,
				09330240277A4393001E42D3 /* Info.plist */,
			);
			path = iBeer;
			sourceTree = "<group>";
		};
		09330246277A43A8001E42D3 /* Model */ = {
			isa = PBXGroup;
			children = (
				09330250277A469D001E42D3 /* Model.swift */,
				09E86FBF277CEC6100DD1FCD /* OrderType.swift */,
				09330253277A46AE001E42D3 /* Manufacturers */,
				09330252277A46A7001E42D3 /* Beers */,
			);
			path = Model;
			sourceTree = "<group>";
		};
		09330247277A43AB001E42D3 /* View Controllers */ = {
			isa = PBXGroup;
			children = (
				09330256277A4B09001E42D3 /* Manufacturers */,
				09330257277A4B15001E42D3 /* Beers */,
			);
			path = "View Controllers";
			sourceTree = "<group>";
		};
		09330252277A46A7001E42D3 /* Beers */ = {
			isa = PBXGroup;
			children = (
				09330248277A43D6001E42D3 /* Beer.swift */,
				0933024A277A443A001E42D3 /* BeerType.swift */,
			);
			path = Beers;
			sourceTree = "<group>";
		};
		09330253277A46AE001E42D3 /* Manufacturers */ = {
			isa = PBXGroup;
			children = (
				0933024C277A44EE001E42D3 /* Manufacturer.swift */,
				0933024E277A4520001E42D3 /* Origin.swift */,
			);
			path = Manufacturers;
			sourceTree = "<group>";
		};
		09330256277A4B09001E42D3 /* Manufacturers */ = {
			isa = PBXGroup;
			children = (
				09330258277A4B83001E42D3 /* ManufacturersViewController.swift */,
				09330264277A557D001E42D3 /* AddManufacturerTableViewController.swift */,
				0933025C277A4BC9001E42D3 /* ManufacturerTableViewCell.swift */,
			);
			path = Manufacturers;
			sourceTree = "<group>";
		};
		09330257277A4B15001E42D3 /* Beers */ = {
			isa = PBXGroup;
			children = (
				09330260277A4C0D001E42D3 /* ManufacturerDetailViewController.swift */,
				09330266277A55A7001E42D3 /* EditBeerTableViewController.swift */,
				0933025E277A4BDC001E42D3 /* BeerTableViewCell.swift */,
			);
			path = Beers;
			sourceTree = "<group>";
		};
		099E52C227931BF6004DB4C8 /* Fonts */ = {
			isa = PBXGroup;
			children = (
				099E52D227931BF6004DB4C8 /* Kanit-Light.ttf */,
				099E52D527931BF6004DB4C8 /* Kanit-Medium.ttf */,
			);
			path = Fonts;
			sourceTree = "<group>";
		};
/* End PBXGroup section */

/* Begin PBXNativeTarget section */
		0933022E277A4393001E42D3 /* iBeer */ = {
			isa = PBXNativeTarget;
			buildConfigurationList = 09330243277A4393001E42D3 /* Build configuration list for PBXNativeTarget "iBeer" */;
			buildPhases = (
				0933022B277A4393001E42D3 /* Sources */,
				0933022C277A4393001E42D3 /* Frameworks */,
				0933022D277A4393001E42D3 /* Resources */,
			);
			buildRules = (
			);
			dependencies = (
			);
			name = iBeer;
			productName = iBeer;
			productReference = 0933022F277A4393001E42D3 /* iBeer.app */;
			productType = "com.apple.product-type.application";
		};
/* End PBXNativeTarget section */

/* Begin PBXProject section */
		09330227277A4393001E42D3 /* Project object */ = {
			isa = PBXProject;
			attributes = {
				BuildIndependentTargetsInParallel = 1;
				LastSwiftUpdateCheck = 1320;
				LastUpgradeCheck = 1320;
				TargetAttributes = {
					0933022E277A4393001E42D3 = {
						CreatedOnToolsVersion = 13.2.1;
					};
				};
			};
			buildConfigurationList = 0933022A277A4393001E42D3 /* Build configuration list for PBXProject "iBeer" */;
			compatibilityVersion = "Xcode 13.0";
			developmentRegion = en;
			hasScannedForEncodings = 0;
			knownRegions = (
				en,
				Base,
			);
			mainGroup = 09330226277A4393001E42D3;
			productRefGroup = 09330230277A4393001E42D3 /* Products */;
			projectDirPath = "";
			projectRoot = "";
			targets = (
				0933022E277A4393001E42D3 /* iBeer */,
			);
		};
/* End PBXProject section */

/* Begin PBXResourcesBuildPhase section */
		0933022D277A4393001E42D3 /* Resources */ = {
			isa = PBXResourcesBuildPhase;
			buildActionMask = 2147483647;
			files = (
				099E52E527931BF6004DB4C8 /* Kanit-Light.ttf in Resources */,
				099E52E827931BF6004DB4C8 /* Kanit-Medium.ttf in Resources */,
				09AF8289277B7774006EE9F9 /* appdata.txt in Resources */,
				0933023F277A4393001E42D3 /* LaunchScreen.storyboard in Resources */,
				0933023C277A4393001E42D3 /* Assets.xcassets in Resources */,
				0933023A277A4393001E42D3 /* Main.storyboard in Resources */,
			);
			runOnlyForDeploymentPostprocessing = 0;
		};
/* End PBXResourcesBuildPhase section */

/* Begin PBXSourcesBuildPhase section */
		0933022B277A4393001E42D3 /* Sources */ = {
			isa = PBXSourcesBuildPhase;
			buildActionMask = 2147483647;
			files = (
				09E86FC0277CEC6100DD1FCD /* OrderType.swift in Sources */,
				09330265277A557D001E42D3 /* AddManufacturerTableViewController.swift in Sources */,
				09330233277A4393001E42D3 /* AppDelegate.swift in Sources */,
				09330259277A4B83001E42D3 /* ManufacturersViewController.swift in Sources */,
				0933024D277A44EE001E42D3 /* Manufacturer.swift in Sources */,
				09330235277A4393001E42D3 /* SceneDelegate.swift in Sources */,
				09330267277A55A7001E42D3 /* EditBeerTableViewController.swift in Sources */,
				0933024B277A443A001E42D3 /* BeerType.swift in Sources */,
				09330249277A43D6001E42D3 /* Beer.swift in Sources */,
				0933025F277A4BDC001E42D3 /* BeerTableViewCell.swift in Sources */,
				0933024F277A4520001E42D3 /* Origin.swift in Sources */,
				09330261277A4C0D001E42D3 /* ManufacturerDetailViewController.swift in Sources */,
				09330251277A469D001E42D3 /* Model.swift in Sources */,
				09330255277A471B001E42D3 /* Constants.swift in Sources */,
				0933025D277A4BC9001E42D3 /* ManufacturerTableViewCell.swift in Sources */,
			);
			runOnlyForDeploymentPostprocessing = 0;
		};
/* End PBXSourcesBuildPhase section */

/* Begin PBXVariantGroup section */
		09330238277A4393001E42D3 /* Main.storyboard */ = {
			isa = PBXVariantGroup;
			children = (
				09330239277A4393001E42D3 /* Base */,
			);
			name = Main.storyboard;
			sourceTree = "<group>";
		};
		0933023D277A4393001E42D3 /* LaunchScreen.storyboard */ = {
			isa = PBXVariantGroup;
			children = (
				0933023E277A4393001E42D3 /* Base */,
			);
			name = LaunchScreen.storyboard;
			sourceTree = "<group>";
		};
/* End PBXVariantGroup section */

/* Begin XCBuildConfiguration section */
		09330241277A4393001E42D3 /* Debug */ = {
			isa = XCBuildConfiguration;
			buildSettings = {
				ALWAYS_SEARCH_USER_PATHS = NO;
				CLANG_ANALYZER_NONNULL = YES;
				CLANG_ANALYZER_NUMBER_OBJECT_CONVERSION = YES_AGGRESSIVE;
				CLANG_CXX_LANGUAGE_STANDARD = "gnu++17";
				CLANG_CXX_LIBRARY = "libc++";
				CLANG_ENABLE_MODULES = YES;
				CLANG_ENABLE_OBJC_ARC = YES;
				CLANG_ENABLE_OBJC_WEAK = YES;
				CLANG_WARN_BLOCK_CAPTURE_AUTORELEASING = YES;
				CLANG_WARN_BOOL_CONVERSION = YES;
				CLANG_WARN_COMMA = YES;
				CLANG_WARN_CONSTANT_CONVERSION = YES;
				CLANG_WARN_DEPRECATED_OBJC_IMPLEMENTATIONS = YES;
				CLANG_WARN_DIRECT_OBJC_ISA_USAGE = YES_ERROR;
				CLANG_WARN_DOCUMENTATION_COMMENTS = YES;
				CLANG_WARN_EMPTY_BODY = YES;
				CLANG_WARN_ENUM_CONVERSION = YES;
				CLANG_WARN_INFINITE_RECURSION = YES;
				CLANG_WARN_INT_CONVERSION = YES;
				CLANG_WARN_NON_LITERAL_NULL_CONVERSION = YES;
				CLANG_WARN_OBJC_IMPLICIT_RETAIN_SELF = YES;
				CLANG_WARN_OBJC_LITERAL_CONVERSION = YES;
				CLANG_WARN_OBJC_ROOT_CLASS = YES_ERROR;
				CLANG_WARN_QUOTED_INCLUDE_IN_FRAMEWORK_HEADER = YES;
				CLANG_WARN_RANGE_LOOP_ANALYSIS = YES;
				CLANG_WARN_STRICT_PROTOTYPES = YES;
				CLANG_WARN_SUSPICIOUS_MOVE = YES;
				CLANG_WARN_UNGUARDED_AVAILABILITY = YES_AGGRESSIVE;
				CLANG_WARN_UNREACHABLE_CODE = YES;
				CLANG_WARN__DUPLICATE_METHOD_MATCH = YES;
				COPY_PHASE_STRIP = NO;
				DEBUG_INFORMATION_FORMAT = dwarf;
				ENABLE_STRICT_OBJC_MSGSEND = YES;
				ENABLE_TESTABILITY = YES;
				GCC_C_LANGUAGE_STANDARD = gnu11;
				GCC_DYNAMIC_NO_PIC = NO;
				GCC_NO_COMMON_BLOCKS = YES;
				GCC_OPTIMIZATION_LEVEL = 0;
				GCC_PREPROCESSOR_DEFINITIONS = (
					"DEBUG=1",
					"$(inherited)",
				);
				GCC_WARN_64_TO_32_BIT_CONVERSION = YES;
				GCC_WARN_ABOUT_RETURN_TYPE = YES_ERROR;
				GCC_WARN_UNDECLARED_SELECTOR = YES;
				GCC_WARN_UNINITIALIZED_AUTOS = YES_AGGRESSIVE;
				GCC_WARN_UNUSED_FUNCTION = YES;
				GCC_WARN_UNUSED_VARIABLE = YES;
				IPHONEOS_DEPLOYMENT_TARGET = 15.2;
				MTL_ENABLE_DEBUG_INFO = INCLUDE_SOURCE;
				MTL_FAST_MATH = YES;
				ONLY_ACTIVE_ARCH = YES;
				SDKROOT = iphoneos;
				SWIFT_ACTIVE_COMPILATION_CONDITIONS = DEBUG;
				SWIFT_OPTIMIZATION_LEVEL = "-Onone";
			};
			name = Debug;
		};
		09330242277A4393001E42D3 /* Release */ = {
			isa = XCBuildConfiguration;
			buildSettings = {
				ALWAYS_SEARCH_USER_PATHS = NO;
				CLANG_ANALYZER_NONNULL = YES;
				CLANG_ANALYZER_NUMBER_OBJECT_CONVERSION = YES_AGGRESSIVE;
				CLANG_CXX_LANGUAGE_STANDARD = "gnu++17";
				CLANG_CXX_LIBRARY = "libc++";
				CLANG_ENABLE_MODULES = YES;
				CLANG_ENABLE_OBJC_ARC = YES;
				CLANG_ENABLE_OBJC_WEAK = YES;
				CLANG_WARN_BLOCK_CAPTURE_AUTORELEASING = YES;
				CLANG_WARN_BOOL_CONVERSION = YES;
				CLANG_WARN_COMMA = YES;
				CLANG_WARN_CONSTANT_CONVERSION = YES;
				CLANG_WARN_DEPRECATED_OBJC_IMPLEMENTATIONS = YES;
				CLANG_WARN_DIRECT_OBJC_ISA_USAGE = YES_ERROR;
				CLANG_WARN_DOCUMENTATION_COMMENTS = YES;
				CLANG_WARN_EMPTY_BODY = YES;
				CLANG_WARN_ENUM_CONVERSION = YES;
				CLANG_WARN_INFINITE_RECURSION = YES;
				CLANG_WARN_INT_CONVERSION = YES;
				CLANG_WARN_NON_LITERAL_NULL_CONVERSION = YES;
				CLANG_WARN_OBJC_IMPLICIT_RETAIN_SELF = YES;
				CLANG_WARN_OBJC_LITERAL_CONVERSION = YES;
				CLANG_WARN_OBJC_ROOT_CLASS = YES_ERROR;
				CLANG_WARN_QUOTED_INCLUDE_IN_FRAMEWORK_HEADER = YES;
				CLANG_WARN_RANGE_LOOP_ANALYSIS = YES;
				CLANG_WARN_STRICT_PROTOTYPES = YES;
				CLANG_WARN_SUSPICIOUS_MOVE = YES;
				CLANG_WARN_UNGUARDED_AVAILABILITY = YES_AGGRESSIVE;
				CLANG_WARN_UNREACHABLE_CODE = YES;
				CLANG_WARN__DUPLICATE_METHOD_MATCH = YES;
				COPY_PHASE_STRIP = NO;
				DEBUG_INFORMATION_FORMAT = "dwarf-with-dsym";
				ENABLE_NS_ASSERTIONS = NO;
				ENABLE_STRICT_OBJC_MSGSEND = YES;
				GCC_C_LANGUAGE_STANDARD = gnu11;
				GCC_NO_COMMON_BLOCKS = YES;
				GCC_WARN_64_TO_32_BIT_CONVERSION = YES;
				GCC_WARN_ABOUT_RETURN_TYPE = YES_ERROR;
				GCC_WARN_UNDECLARED_SELECTOR = YES;
				GCC_WARN_UNINITIALIZED_AUTOS = YES_AGGRESSIVE;
				GCC_WARN_UNUSED_FUNCTION = YES;
				GCC_WARN_UNUSED_VARIABLE = YES;
				IPHONEOS_DEPLOYMENT_TARGET = 15.2;
				MTL_ENABLE_DEBUG_INFO = NO;
				MTL_FAST_MATH = YES;
				SDKROOT = iphoneos;
				SWIFT_COMPILATION_MODE = wholemodule;
				SWIFT_OPTIMIZATION_LEVEL = "-O";
				VALIDATE_PRODUCT = YES;
			};
			name = Release;
		};
		09330244277A4393001E42D3 /* Debug */ = {
			isa = XCBuildConfiguration;
			buildSettings = {
				ASSETCATALOG_COMPILER_APPICON_NAME = AppIcon;
				ASSETCATALOG_COMPILER_GLOBAL_ACCENT_COLOR_NAME = AccentColor;
				CODE_SIGN_STYLE = Automatic;
				CURRENT_PROJECT_VERSION = 1;
				DEVELOPMENT_TEAM = MJWN87DYML;
				GENERATE_INFOPLIST_FILE = YES;
				INFOPLIST_FILE = iBeer/Info.plist;
				INFOPLIST_KEY_CFBundleDisplayName = iBeer;
				INFOPLIST_KEY_UIApplicationSupportsIndirectInputEvents = YES;
				INFOPLIST_KEY_UILaunchStoryboardName = LaunchScreen;
				INFOPLIST_KEY_UIMainStoryboardFile = Main;
				INFOPLIST_KEY_UISupportedInterfaceOrientations_iPad = "UIInterfaceOrientationPortrait UIInterfaceOrientationPortraitUpsideDown UIInterfaceOrientationLandscapeLeft UIInterfaceOrientationLandscapeRight";
				INFOPLIST_KEY_UISupportedInterfaceOrientations_iPhone = "UIInterfaceOrientationPortrait UIInterfaceOrientationLandscapeLeft UIInterfaceOrientationLandscapeRight";
				LD_RUNPATH_SEARCH_PATHS = (
					"$(inherited)",
					"@executable_path/Frameworks",
				);
				MARKETING_VERSION = 1.0;
				PRODUCT_BUNDLE_IDENTIFIER = es.usal.fis.iBeer;
				PRODUCT_NAME = "$(TARGET_NAME)";
				SWIFT_EMIT_LOC_STRINGS = YES;
				SWIFT_VERSION = 5.0;
				TARGETED_DEVICE_FAMILY = 2;
			};
			name = Debug;
		};
		09330245277A4393001E42D3 /* Release */ = {
			isa = XCBuildConfiguration;
			buildSettings = {
				ASSETCATALOG_COMPILER_APPICON_NAME = AppIcon;
				ASSETCATALOG_COMPILER_GLOBAL_ACCENT_COLOR_NAME = AccentColor;
				CODE_SIGN_STYLE = Automatic;
				CURRENT_PROJECT_VERSION = 1;
				DEVELOPMENT_TEAM = MJWN87DYML;
				GENERATE_INFOPLIST_FILE = YES;
				INFOPLIST_FILE = iBeer/Info.plist;
				INFOPLIST_KEY_CFBundleDisplayName = iBeer;
				INFOPLIST_KEY_UIApplicationSupportsIndirectInputEvents = YES;
				INFOPLIST_KEY_UILaunchStoryboardName = LaunchScreen;
				INFOPLIST_KEY_UIMainStoryboardFile = Main;
				INFOPLIST_KEY_UISupportedInterfaceOrientations_iPad = "UIInterfaceOrientationPortrait UIInterfaceOrientationPortraitUpsideDown UIInterfaceOrientationLandscapeLeft UIInterfaceOrientationLandscapeRight";
				INFOPLIST_KEY_UISupportedInterfaceOrientations_iPhone = "UIInterfaceOrientationPortrait UIInterfaceOrientationLandscapeLeft UIInterfaceOrientationLandscapeRight";
				LD_RUNPATH_SEARCH_PATHS = (
					"$(inherited)",
					"@executable_path/Frameworks",
				);
				MARKETING_VERSION = 1.0;
				PRODUCT_BUNDLE_IDENTIFIER = es.usal.fis.iBeer;
				PRODUCT_NAME = "$(TARGET_NAME)";
				SWIFT_EMIT_LOC_STRINGS = YES;
				SWIFT_VERSION = 5.0;
				TARGETED_DEVICE_FAMILY = 2;
			};
			name = Release;
		};
/* End XCBuildConfiguration section */

/* Begin XCConfigurationList section */
		0933022A277A4393001E42D3 /* Build configuration list for PBXProject "iBeer" */ = {
			isa = XCConfigurationList;
			buildConfigurations = (
				09330241277A4393001E42D3 /* Debug */,
				09330242277A4393001E42D3 /* Release */,
			);
			defaultConfigurationIsVisible = 0;
			defaultConfigurationName = Release;
		};
		09330243277A4393001E42D3 /* Build configuration list for PBXNativeTarget "iBeer" */ = {
			isa = XCConfigurationList;
			buildConfigurations = (
				09330244277A4393001E42D3 /* Debug */,
				09330245277A4393001E42D3 /* Release */,
			);
			defaultConfigurationIsVisible = 0;
			defaultConfigurationName = Release;
		};
/* End XCConfigurationList section */
	};
	rootObject = 09330227277A4393001E42D3 /* Project object */;
}
